github.com/essentialkaos/check v1.4.0 h1:kWdFxu9odCxUqo1NNFNJmguGrDHgwi3A8daXX1nkuKk=
github.com/essentialkaos/depsy v1.1.0 h1:U6dp687UkQwXlZU17Hg2KMxbp3nfZAoZ8duaeUFYvJI=
github.com/essentialkaos/depsy v1.1.0/go.mod h1:kpiTAV17dyByVnrbNaMcZt2jRwvuXClUYOzpyJQwtG8=
github.com/essentialkaos/ek/v12 v12.76.1 h1:WwmvjZQtAub2+89tzMHZcJELtIDksDVIXrMFfdg0G1w=
github.com/essentialkaos/ek/v12 v12.76.1/go.mod h1:S9/XSKhEAdylL3PF8GAnUeKKyd92VrDGR4YGacHfz0c=
github.com/essentialkaos/go-linenoise/v3 v3.4.0 h1:g72w8x+/HIwOMBVvNaPYp+wMWVHrYZwzFAF7OfZR5Ts=
github.com/essentialkaos/go-linenoise/v3 v3.4.0/go.mod h1:t1kNLY2bSMQCy1JXOefD2BDLs/TTPMtTv3DFNV5uDSI=
github.com/essentialkaos/npck v1.6.0 h1:8uI0WlkU6lTOm/AJqw+/8jT74xOljhKd3uOnfOapnGc=
github.com/essentialkaos/npck v1.6.0/go.mod h1:CBGBGZlr1cqyhDFzv8i74Ok3lHGDcjbqIFeFfbkHe/w=
github.com/klauspost/compress v1.16.7 h1:2mk3MPGNzKyxErAw8YaohYh69+pa4sIQSC0fPGCFR9I=
github.com/klauspost/compress v1.16.7/go.mod h1:ntbaceVETuRiXiv4DpjP66DpAtAGkEQskQzEyD//IeE=
github.com/kr/pretty v0.3.1 h1:flRD4NNwYAUpkphVc1HcthR4KEIFJ65n8Mw5qdRn3LE=
github.com/kr/text v0.2.0 h1:5Nx0Ya0ZqY2ygV366QzturHI13Jq95ApcVaJBhpS+AY=
github.com/rogpeppe/go-internal v1.10.0 h1:TMyTOH3F/DB16zRVcYyreMH6GnZZrwQVAoYjRBZyWFQ=
golang.org/x/crypto v0.13.0 h1:mvySKfSWJ+UKUii46M40LOvyWfN0s2U+46/jDd0e6Ck=
golang.org/x/crypto v0.13.0/go.mod h1:y6Z2r+Rw4iayiXXAIxJIDAJ1zMW4yaTpebo8fPOliYc=
golang.org/x/sys v0.12.0 h1:CM0HF96J0hcLAwsHPJZjfdNzs0gftsLfgKt57wWHJ0o=
golang.org/x/sys v0.12.0/go.mod h1:oPkhp1MJrh7nUepCBck5+mAzfO9JrbApNNgaTdGDITg=
