github.com/essentialkaos/check v1.4.0 h1:kWdFxu9odCxUqo1NNFNJmguGrDHgwi3A8daXX1nkuKk=
github.com/essentialkaos/depsy v1.1.0 h1:U6dp687UkQwXlZU17Hg2KMxbp3nfZAoZ8duaeUFYvJI=
github.com/essentialkaos/depsy v1.1.0/go.mod h1:kpiTAV17dyByVnrbNaMcZt2jRwvuXClUYOzpyJQwtG8=
github.com/essentialkaos/ek/v12 v12.83.2 h1:gXFwLIBAZsdi5uT/vJj9ka/rd94jLR1NF6OGxAYbgkQ=
github.com/essentialkaos/ek/v12 v12.83.2/go.mod h1:X0gkyjBCP4QiD+sV4D52aquLDLGUmHteMEL7Rsgbev0=
github.com/essentialkaos/go-linenoise/v3 v3.4.0 h1:g72w8x+/HIwOMBVvNaPYp+wMWVHrYZwzFAF7OfZR5Ts=
github.com/essentialkaos/go-linenoise/v3 v3.4.0/go.mod h1:t1kNLY2bSMQCy1JXOefD2BDLs/TTPMtTv3DFNV5uDSI=
github.com/essentialkaos/npck v1.6.1 h1:cFhLRRFNbl7tBXQD2+EkzTHy6y7+oxfvwsVgbhaFvUg=
github.com/essentialkaos/npck v1.6.1/go.mod h1:Leny9a2R4otIGqZdnrs8swhI9KvwO+Rmmn2zThpPoN4=
github.com/klauspost/compress v1.17.1 h1:NE3C767s2ak2bweCZo3+rdP4U/HoyVXLv/X9f2gPS5g=
github.com/klauspost/compress v1.17.1/go.mod h1:ntbaceVETuRiXiv4DpjP66DpAtAGkEQskQzEyD//IeE=
github.com/kr/pretty v0.3.1 h1:flRD4NNwYAUpkphVc1HcthR4KEIFJ65n8Mw5qdRn3LE=
github.com/kr/text v0.2.0 h1:5Nx0Ya0ZqY2ygV366QzturHI13Jq95ApcVaJBhpS+AY=
github.com/rogpeppe/go-internal v1.10.0 h1:TMyTOH3F/DB16zRVcYyreMH6GnZZrwQVAoYjRBZyWFQ=
golang.org/x/crypto v0.14.0 h1:wBqGXzWJW6m1XrIKlAH0Hs1JJ7+9KBwnIO8v66Q9cHc=
golang.org/x/crypto v0.14.0/go.mod h1:MVFd36DqK4CsrnJYDkBA3VC4m2GkXAM0PvzMCn4JQf4=
golang.org/x/sys v0.13.0 h1:Af8nKPmuFypiUBjVoU9V20FiaFXOcuZI21p0ycVYYGE=
golang.org/x/sys v0.13.0/go.mod h1:oPkhp1MJrh7nUepCBck5+mAzfO9JrbApNNgaTdGDITg=
