github.com/essentialkaos/check v1.4.1 h1:SuxXzrbokPGTPWxGRnzy0hXvtb44mtVrdNxgPa1s4c8=
github.com/essentialkaos/check v1.4.1/go.mod h1:xQOYwFvnxfVZyt5Qvjoa1SxcRqu5VyP77pgALr3iu+M=
github.com/essentialkaos/depsy v1.3.1 h1:00k9QcMsdPM4IzDaEFHsTHBD/zoM0oxtB5+dMUwbQa8=
github.com/essentialkaos/depsy v1.3.1/go.mod h1:B5+7Jhv2a2RacOAxIKU2OeJp9QfZjwIpEEPI5X7auWM=
github.com/essentialkaos/ek/v13 v13.27.0 h1:+XMYGO+TAkKHL3eTCvOPcLNRp/jVGz30qUSBTfQoqfQ=
github.com/essentialkaos/ek/v13 v13.27.0/go.mod h1:8/TJJ/5C5F1MC1iCMyepkRHoKGjPt4U6OzQvmgFN+9U=
github.com/essentialkaos/go-linenoise/v3 v3.7.0 h1:a/DzU6GFBmrKJxNAzaYbLGN6yFnIMIFaWxvSWmeCEp0=
github.com/essentialkaos/go-linenoise/v3 v3.7.0/go.mod h1:IhOWE0rvvu3aPmGko/C4SoZdhbko9eTuwe5yyw7/uQ8=
github.com/essentialkaos/npck v1.7.1 h1:AqXXeR6E8cYh/Rd8HHof85uGNSpsDJPD0Y9/HJdoIps=
github.com/essentialkaos/npck v1.7.1/go.mod h1:wkYE9tnteBI5U1fJV6bV/tTWYSdAaJBidMSETJKEMkE=
github.com/klauspost/compress v1.18.0 h1:c/Cqfb0r+Yi+JtIEq73FWXVkRonBlf0CRNYc8Zttxdo=
github.com/klauspost/compress v1.18.0/go.mod h1:2Pp+KzxcywXVXMr50+X0Q/Lsb43OQHYWRCY2AiWywWQ=
github.com/kr/pretty v0.3.1 h1:flRD4NNwYAUpkphVc1HcthR4KEIFJ65n8Mw5qdRn3LE=
github.com/kr/pretty v0.3.1/go.mod h1:hoEshYVHaxMs3cyo3Yncou5ZscifuDolrwPKZanG3xk=
github.com/kr/text v0.2.0 h1:5Nx0Ya0ZqY2ygV366QzturHI13Jq95ApcVaJBhpS+AY=
github.com/kr/text v0.2.0/go.mod h1:eLer722TekiGuMkidMxC/pM04lWEeraHUUmBw8l2grE=
github.com/rogpeppe/go-internal v1.14.1 h1:UQB4HGPB6osV0SQTLymcB4TgvyWu6ZyliaW0tI/otEQ=
github.com/rogpeppe/go-internal v1.14.1/go.mod h1:MaRKkUm5W0goXpeCfT7UZI6fk/L7L7so1lCWt35ZSgc=
golang.org/x/crypto v0.38.0 h1:jt+WWG8IZlBnVbomuhg2Mdq0+BBQaHbtqHEFEigjUV8=
golang.org/x/crypto v0.38.0/go.mod h1:MvrbAqul58NNYPKnOra203SB9vpuZW0e+RRZV+Ggqjw=
golang.org/x/sys v0.33.0 h1:q3i8TbbEz+JRD9ywIRlyRAQbM0qF7hu24q3teo2hbuw=
golang.org/x/sys v0.33.0/go.mod h1:BJP2sWEmIv4KK5OTEluFJCKSidICx8ciO85XgH3Ak8k=
